<?xml version="1.0" encoding="UTF-8" standalone="yes" ?>
<CodeBlocks_project_file>
	<FileVersion major="1" minor="6" />
	<Project>
		<Option title="2dworld" />
		<Option pch_mode="2" />
		<Option compiler="gcc" />
		<Build>
			<Target title="Debug">
				<Option output="bin/Debug/2dworld" prefix_auto="1" extension_auto="1" />
				<Option working_dir="C:/MinGW/bin" />
				<Option object_output="obj/Debug/" />
				<Option type="1" />
				<Option compiler="gcc" />
				<Compiler>
					<Add option="-g" />
					<Add directory="include" />
				</Compiler>
			</Target>
			<Target title="Release">
				<Option output="bin/Release/2dworld" prefix_auto="1" extension_auto="1" />
				<Option working_dir="C:/MinGW/bin" />
				<Option object_output="obj/Release/" />
				<Option type="0" />
				<Option compiler="gcc" />
				<Compiler>
					<Add directory="include" />
				</Compiler>
				<Linker>
					<Add option="-s" />
					<Add option="-DGLUT_STATIC_LIB" />
				</Linker>
			</Target>
		</Build>
		<Compiler>
			<Add option="-Wall" />
			<Add option="-D GLUT_STATIC_LIB" />
			<Add directory="C:/MinGW/mingw32" />
			<Add directory="C:/MinGW/mingw32/include" />
		</Compiler>
		<Linker>
			<Add library="opengl32" />
			<Add library="glu32" />
			<Add library="winmm" />
			<Add library="gdi32" />
			<Add library="glut32" />
			<Add directory="C:/MinGW/lib" />
		</Linker>
		<Unit filename="include/clickable_object.h" />
		<Unit filename="include/color.h" />
		<Unit filename="include/compare.h" />
		<Unit filename="include/complex_object.h" />
		<Unit filename="include/cursor.h" />
		<Unit filename="include/distance.h" />
		<Unit filename="include/game.h" />
		<Unit filename="include/line2f.h" />
		<Unit filename="include/movable_object.h" />
		<Unit filename="include/object.h" />
		<Unit filename="include/physics_object.h" />
		<Unit filename="include/point2f.h" />
		<Unit filename="include/point2i.h" />
		<Unit filename="include/point3f.h" />
		<Unit filename="include/projectile.h" />
		<Unit filename="include/tangible_object.h" />
		<Unit filename="include/vector2d.h" />
		<Unit filename="include/vector2f.h" />
		<Unit filename="include/vector2i.h" />
		<Unit filename="include/vector3d.h" />
		<Unit filename="include/vector3f.h" />
		<Unit filename="include/vector3i.h" />
		<Unit filename="src/clickable_object.cpp" />
		<Unit filename="src/color.cpp" />
		<Unit filename="src/compare.cpp" />
		<Unit filename="src/complex_object.cpp" />
		<Unit filename="src/cursor.cpp" />
		<Unit filename="src/distance.cpp" />
		<Unit filename="src/game.cpp" />
		<Unit filename="src/line2f.cpp" />
		<Unit filename="src/main.cpp" />
		<Unit filename="src/movable_object.cpp" />
		<Unit filename="src/object.cpp" />
		<Unit filename="src/physics_object.cpp" />
		<Unit filename="src/point2f.cpp" />
		<Unit filename="src/point2i.cpp" />
		<Unit filename="src/point3f.cpp" />
		<Unit filename="src/projectile.cpp" />
		<Unit filename="src/tangible_object.cpp" />
		<Unit filename="src/vector2d.cpp" />
		<Unit filename="src/vector2f.cpp" />
		<Unit filename="src/vector2i.cpp" />
		<Unit filename="src/vector3d.cpp" />
		<Unit filename="src/vector3f.cpp" />
		<Unit filename="src/vector3i.cpp" />
		<Extensions>
			<code_completion />
			<debugger />
			<envvars />
		</Extensions>
	</Project>
</CodeBlocks_project_file>
